
Microsoft Visual Studio Solution File, Format Version 12.00
# Visual Studio 2012
Project("{FAE04EC0-301F-11D3-BF4B-00C04F79EFBC}") = "Aboriginal", "Aboriginal\Aboriginal.csproj", "{B76E2301-8309-405F-9C20-037CA8F0F213}"
EndProject
Global
	GlobalSection(SolutionConfigurationPlatforms) = preSolution
		Debug|Any CPU = Debug|Any CPU
		Release|Any CPU = Release|Any CPU
	EndGlobalSection
	GlobalSection(ProjectConfigurationPlatforms) = postSolution
		{B76E2301-8309-405F-9C20-037CA8F0F213}.Debug|Any CPU.ActiveCfg = Debug|Any CPU
		{B76E2301-8309-405F-9C20-037CA8F0F213}.Debug|Any CPU.Build.0 = Debug|Any CPU
		{B76E2301-8309-405F-9C20-037CA8F0F213}.Release|Any CPU.ActiveCfg = Release|Any CPU
		{B76E2301-8309-405F-9C20-037CA8F0F213}.Release|Any CPU.Build.0 = Release|Any CPU
	EndGlobalSection
	GlobalSection(SolutionProperties) = preSolution
		HideSolutionNode = FALSE
	EndGlobalSection
EndGlobal
